
Microsoft Visual Studio Solution File, Format Version 12.00
# Visual Studio 15
VisualStudioVersion = 15.0.28307.136
MinimumVisualStudioVersion = 10.0.40219.1
Project("{9A19103F-16F7-4668-BE54-9A1E7A4F7556}") = "Sample 01 - Loading and saving", "Sample 01 - Loading and saving.csproj", "{A31B3991-A1C3-4CA3-87AF-C1946E944AF8}"
EndProject
Project("{9A19103F-16F7-4668-BE54-9A1E7A4F7556}") = "FreeImage.Standard", "..\..\FreeImage.Standard\FreeImage.Standard.csproj", "{20ECC3D7-35EF-48E6-8B85-7A523CFCCA82}"
EndProject
Global
	GlobalSection(SolutionConfigurationPlatforms) = preSolution
		Debug|Any CPU = Debug|Any CPU
		Release|Any CPU = Release|Any CPU
	EndGlobalSection
	GlobalSection(ProjectConfigurationPlatforms) = postSolution
		{A31B3991-A1C3-4CA3-87AF-C1946E944AF8}.Debug|Any CPU.ActiveCfg = Debug|Any CPU
		{A31B3991-A1C3-4CA3-87AF-C1946E944AF8}.Debug|Any CPU.Build.0 = Debug|Any CPU
		{A31B3991-A1C3-4CA3-87AF-C1946E944AF8}.Release|Any CPU.ActiveCfg = Release|Any CPU
		{A31B3991-A1C3-4CA3-87AF-C1946E944AF8}.Release|Any CPU.Build.0 = Release|Any CPU
		{20ECC3D7-35EF-48E6-8B85-7A523CFCCA82}.Debug|Any CPU.ActiveCfg = Debug|Any CPU
		{20ECC3D7-35EF-48E6-8B85-7A523CFCCA82}.Debug|Any CPU.Build.0 = Debug|Any CPU
		{20ECC3D7-35EF-48E6-8B85-7A523CFCCA82}.Release|Any CPU.ActiveCfg = Release|Any CPU
		{20ECC3D7-35EF-48E6-8B85-7A523CFCCA82}.Release|Any CPU.Build.0 = Release|Any CPU
	EndGlobalSection
	GlobalSection(SolutionProperties) = preSolution
		HideSolutionNode = FALSE
	EndGlobalSection
	GlobalSection(ExtensibilityGlobals) = postSolution
		SolutionGuid = {44EE94AF-5D5B-4653-A995-E523A9086E37}
	EndGlobalSection
EndGlobal
