
Microsoft Visual Studio Solution File, Format Version 12.00
# Visual Studio 15
VisualStudioVersion = 15.0.28307.136
MinimumVisualStudioVersion = 10.0.40219.1
Project("{9A19103F-16F7-4668-BE54-9A1E7A4F7556}") = "Sample 04 - Getting bitmap informations", "Sample 04 - Getting bitmap informations.csproj", "{3B55D913-1E30-4DBD-8D0F-969AEC6DF7D9}"
EndProject
Project("{9A19103F-16F7-4668-BE54-9A1E7A4F7556}") = "FreeImage.Standard", "..\..\FreeImage.Standard\FreeImage.Standard.csproj", "{85E2DD65-ECD9-4E2B-AC8B-8A785C5B81D9}"
EndProject
Global
	GlobalSection(SolutionConfigurationPlatforms) = preSolution
		Debug|Any CPU = Debug|Any CPU
		Release|Any CPU = Release|Any CPU
	EndGlobalSection
	GlobalSection(ProjectConfigurationPlatforms) = postSolution
		{3B55D913-1E30-4DBD-8D0F-969AEC6DF7D9}.Debug|Any CPU.ActiveCfg = Debug|Any CPU
		{3B55D913-1E30-4DBD-8D0F-969AEC6DF7D9}.Debug|Any CPU.Build.0 = Debug|Any CPU
		{3B55D913-1E30-4DBD-8D0F-969AEC6DF7D9}.Release|Any CPU.ActiveCfg = Release|Any CPU
		{3B55D913-1E30-4DBD-8D0F-969AEC6DF7D9}.Release|Any CPU.Build.0 = Release|Any CPU
		{85E2DD65-ECD9-4E2B-AC8B-8A785C5B81D9}.Debug|Any CPU.ActiveCfg = Debug|Any CPU
		{85E2DD65-ECD9-4E2B-AC8B-8A785C5B81D9}.Debug|Any CPU.Build.0 = Debug|Any CPU
		{85E2DD65-ECD9-4E2B-AC8B-8A785C5B81D9}.Release|Any CPU.ActiveCfg = Release|Any CPU
		{85E2DD65-ECD9-4E2B-AC8B-8A785C5B81D9}.Release|Any CPU.Build.0 = Release|Any CPU
	EndGlobalSection
	GlobalSection(SolutionProperties) = preSolution
		HideSolutionNode = FALSE
	EndGlobalSection
	GlobalSection(ExtensibilityGlobals) = postSolution
		SolutionGuid = {2290359D-77BA-4EB9-BB81-F3AD42837BB7}
	EndGlobalSection
EndGlobal
